
Microsoft Visual Studio Solution File, Format Version 12.00
# Visual Studio Version 17
VisualStudioVersion = 17.14.36203.30 d17.14
MinimumVisualStudioVersion = 10.0.40219.1
Project("{FAE04EC0-301F-11D3-BF4B-00C04F79EFBC}") = "SimpleLibraryManagement.API", "SimpleLibraryManagement.API\SimpleLibraryManagement.API.csproj", "{23655163-A4DC-4B72-A94B-295F7951C374}"
EndProject
Project("{FAE04EC0-301F-11D3-BF4B-00C04F79EFBC}") = "SimpleLibraryManagement.Application", "SimpleLibraryManagement.Application\SimpleLibraryManagement.Application.csproj", "{0E50129D-607B-4E27-89AD-65B2BA46ACFA}"
EndProject
Project("{FAE04EC0-301F-11D3-BF4B-00C04F79EFBC}") = "SimpleLibraryManagement.Infrastructure", "SimpleLibraryManagement.Infrastructure\SimpleLibraryManagement.Infrastructure.csproj", "{C3833900-C45F-4FDC-824F-8D7F63237495}"
EndProject
Project("{FAE04EC0-301F-11D3-BF4B-00C04F79EFBC}") = "SimpleLibraryManagement.Domain", "SimpleLibraryManagement.Domain\SimpleLibraryManagement.Domain.csproj", "{2B35D6F2-2769-4A30-AF54-8B9FDCBD4A26}"
EndProject
Global
	GlobalSection(SolutionConfigurationPlatforms) = preSolution
		Debug|Any CPU = Debug|Any CPU
		Release|Any CPU = Release|Any CPU
	EndGlobalSection
	GlobalSection(ProjectConfigurationPlatforms) = postSolution
		{23655163-A4DC-4B72-A94B-295F7951C374}.Debug|Any CPU.ActiveCfg = Debug|Any CPU
		{23655163-A4DC-4B72-A94B-295F7951C374}.Debug|Any CPU.Build.0 = Debug|Any CPU
		{23655163-A4DC-4B72-A94B-295F7951C374}.Release|Any CPU.ActiveCfg = Release|Any CPU
		{23655163-A4DC-4B72-A94B-295F7951C374}.Release|Any CPU.Build.0 = Release|Any CPU
		{0E50129D-607B-4E27-89AD-65B2BA46ACFA}.Debug|Any CPU.ActiveCfg = Debug|Any CPU
		{0E50129D-607B-4E27-89AD-65B2BA46ACFA}.Debug|Any CPU.Build.0 = Debug|Any CPU
		{0E50129D-607B-4E27-89AD-65B2BA46ACFA}.Release|Any CPU.ActiveCfg = Release|Any CPU
		{0E50129D-607B-4E27-89AD-65B2BA46ACFA}.Release|Any CPU.Build.0 = Release|Any CPU
		{C3833900-C45F-4FDC-824F-8D7F63237495}.Debug|Any CPU.ActiveCfg = Debug|Any CPU
		{C3833900-C45F-4FDC-824F-8D7F63237495}.Debug|Any CPU.Build.0 = Debug|Any CPU
		{C3833900-C45F-4FDC-824F-8D7F63237495}.Release|Any CPU.ActiveCfg = Release|Any CPU
		{C3833900-C45F-4FDC-824F-8D7F63237495}.Release|Any CPU.Build.0 = Release|Any CPU
		{2B35D6F2-2769-4A30-AF54-8B9FDCBD4A26}.Debug|Any CPU.ActiveCfg = Debug|Any CPU
		{2B35D6F2-2769-4A30-AF54-8B9FDCBD4A26}.Debug|Any CPU.Build.0 = Debug|Any CPU
		{2B35D6F2-2769-4A30-AF54-8B9FDCBD4A26}.Release|Any CPU.ActiveCfg = Release|Any CPU
		{2B35D6F2-2769-4A30-AF54-8B9FDCBD4A26}.Release|Any CPU.Build.0 = Release|Any CPU
	EndGlobalSection
	GlobalSection(SolutionProperties) = preSolution
		HideSolutionNode = FALSE
	EndGlobalSection
	GlobalSection(ExtensibilityGlobals) = postSolution
		SolutionGuid = {65811E18-BD6C-49DB-AA20-7D04D0BC8C98}
	EndGlobalSection
EndGlobal
